
Microsoft Visual Studio Solution File, Format Version 12.00
# Visual Studio Version 16
VisualStudioVersion = 16.0.30114.105
MinimumVisualStudioVersion = 10.0.40219.1
Project("{2150E333-8FDC-42A3-9474-1A3956D46DE8}") = "src", "src", "{B98830A6-59A0-423E-A739-D7C53E204D2C}"
EndProject
Project("{FAE04EC0-301F-11D3-BF4B-00C04F79EFBC}") = "Rest1", "src\Rest1\Rest1.csproj", "{3044FCF6-38E3-4B5F-904F-ABC0A7E2BB6F}"
EndProject
Project("{FAE04EC0-301F-11D3-BF4B-00C04F79EFBC}") = "Rest2", "src\Rest2\Rest2.csproj", "{9F9ACE58-5C0B-4A99-A36A-8095928EBD84}"
EndProject
Project("{2150E333-8FDC-42A3-9474-1A3956D46DE8}") = "BuildingBlocks", "BuildingBlocks", "{782083A0-1214-4F82-A887-443917BA2828}"
EndProject
Project("{FAE04EC0-301F-11D3-BF4B-00C04F79EFBC}") = "EventBus", "src\BuildingBlocks\EventBus\EventBus.csproj", "{FE54B297-F3D3-4CE4-A0C5-DD09E56E8D68}"
EndProject
Project("{FAE04EC0-301F-11D3-BF4B-00C04F79EFBC}") = "EventBusRabbitMQ", "src\BuildingBlocks\EventBusRabbitMQ\EventBusRabbitMQ.csproj", "{8DE5F443-D032-4B77-BC04-48D37B7EF6BA}"
EndProject
Global
	GlobalSection(SolutionConfigurationPlatforms) = preSolution
		Debug|Any CPU = Debug|Any CPU
		Release|Any CPU = Release|Any CPU
	EndGlobalSection
	GlobalSection(SolutionProperties) = preSolution
		HideSolutionNode = FALSE
	EndGlobalSection
	GlobalSection(ProjectConfigurationPlatforms) = postSolution
		{3044FCF6-38E3-4B5F-904F-ABC0A7E2BB6F}.Debug|Any CPU.ActiveCfg = Debug|Any CPU
		{3044FCF6-38E3-4B5F-904F-ABC0A7E2BB6F}.Debug|Any CPU.Build.0 = Debug|Any CPU
		{3044FCF6-38E3-4B5F-904F-ABC0A7E2BB6F}.Release|Any CPU.ActiveCfg = Release|Any CPU
		{3044FCF6-38E3-4B5F-904F-ABC0A7E2BB6F}.Release|Any CPU.Build.0 = Release|Any CPU
		{9F9ACE58-5C0B-4A99-A36A-8095928EBD84}.Debug|Any CPU.ActiveCfg = Debug|Any CPU
		{9F9ACE58-5C0B-4A99-A36A-8095928EBD84}.Debug|Any CPU.Build.0 = Debug|Any CPU
		{9F9ACE58-5C0B-4A99-A36A-8095928EBD84}.Release|Any CPU.ActiveCfg = Release|Any CPU
		{9F9ACE58-5C0B-4A99-A36A-8095928EBD84}.Release|Any CPU.Build.0 = Release|Any CPU
		{FE54B297-F3D3-4CE4-A0C5-DD09E56E8D68}.Debug|Any CPU.ActiveCfg = Debug|Any CPU
		{FE54B297-F3D3-4CE4-A0C5-DD09E56E8D68}.Debug|Any CPU.Build.0 = Debug|Any CPU
		{FE54B297-F3D3-4CE4-A0C5-DD09E56E8D68}.Release|Any CPU.ActiveCfg = Release|Any CPU
		{FE54B297-F3D3-4CE4-A0C5-DD09E56E8D68}.Release|Any CPU.Build.0 = Release|Any CPU
		{8DE5F443-D032-4B77-BC04-48D37B7EF6BA}.Debug|Any CPU.ActiveCfg = Debug|Any CPU
		{8DE5F443-D032-4B77-BC04-48D37B7EF6BA}.Debug|Any CPU.Build.0 = Debug|Any CPU
		{8DE5F443-D032-4B77-BC04-48D37B7EF6BA}.Release|Any CPU.ActiveCfg = Release|Any CPU
		{8DE5F443-D032-4B77-BC04-48D37B7EF6BA}.Release|Any CPU.Build.0 = Release|Any CPU
	EndGlobalSection
	GlobalSection(NestedProjects) = preSolution
		{3044FCF6-38E3-4B5F-904F-ABC0A7E2BB6F} = {B98830A6-59A0-423E-A739-D7C53E204D2C}
		{9F9ACE58-5C0B-4A99-A36A-8095928EBD84} = {B98830A6-59A0-423E-A739-D7C53E204D2C}
		{782083A0-1214-4F82-A887-443917BA2828} = {B98830A6-59A0-423E-A739-D7C53E204D2C}
		{FE54B297-F3D3-4CE4-A0C5-DD09E56E8D68} = {782083A0-1214-4F82-A887-443917BA2828}
		{8DE5F443-D032-4B77-BC04-48D37B7EF6BA} = {782083A0-1214-4F82-A887-443917BA2828}
	EndGlobalSection
EndGlobal
